
Microsoft Visual Studio Solution File, Format Version 12.00
Project("{FAE04EC0-301F-11D3-BF4B-00C04F79EFBC}") = "BT1", "BT1\BT1.csproj", "{698D68EA-8855-43A8-8359-ECE45849F365}"
EndProject
Global
	GlobalSection(SolutionConfigurationPlatforms) = preSolution
		Debug|Any CPU = Debug|Any CPU
		Release|Any CPU = Release|Any CPU
	EndGlobalSection
	GlobalSection(ProjectConfigurationPlatforms) = postSolution
		{698D68EA-8855-43A8-8359-ECE45849F365}.Debug|Any CPU.ActiveCfg = Debug|Any CPU
		{698D68EA-8855-43A8-8359-ECE45849F365}.Debug|Any CPU.Build.0 = Debug|Any CPU
		{698D68EA-8855-43A8-8359-ECE45849F365}.Release|Any CPU.ActiveCfg = Release|Any CPU
		{698D68EA-8855-43A8-8359-ECE45849F365}.Release|Any CPU.Build.0 = Release|Any CPU
	EndGlobalSection
EndGlobal
